
Microsoft Visual Studio Solution File, Format Version 12.00
# Visual Studio Version 17
VisualStudioVersion = 17.13.35828.75 d17.13
MinimumVisualStudioVersion = 10.0.40219.1
Project("{FAE04EC0-301F-11D3-BF4B-00C04F79EFBC}") = "BookManager", "BookManager.csproj", "{62609A28-9671-4A0A-9FC2-4EB21781220C}"
EndProject
Global
	GlobalSection(SolutionConfigurationPlatforms) = preSolution
		Debug|Any CPU = Debug|Any CPU
		Release|Any CPU = Release|Any CPU
	EndGlobalSection
	GlobalSection(ProjectConfigurationPlatforms) = postSolution
		{62609A28-9671-4A0A-9FC2-4EB21781220C}.Debug|Any CPU.ActiveCfg = Debug|Any CPU
		{62609A28-9671-4A0A-9FC2-4EB21781220C}.Debug|Any CPU.Build.0 = Debug|Any CPU
		{62609A28-9671-4A0A-9FC2-4EB21781220C}.Release|Any CPU.ActiveCfg = Release|Any CPU
		{62609A28-9671-4A0A-9FC2-4EB21781220C}.Release|Any CPU.Build.0 = Release|Any CPU
	EndGlobalSection
	GlobalSection(SolutionProperties) = preSolution
		HideSolutionNode = FALSE
	EndGlobalSection
	GlobalSection(ExtensibilityGlobals) = postSolution
		SolutionGuid = {EBFCB995-B02C-473A-90F7-C320DB647A51}
	EndGlobalSection
EndGlobal
